
Microsoft Visual Studio Solution File, Format Version 12.00
# Visual Studio Version 17
VisualStudioVersion = 17.0.31903.59
MinimumVisualStudioVersion = 10.0.40219.1
Project("{2150E333-8FDC-42A3-9474-1A3956D46DE8}") = "1 - primer-programa", "1 - primer-programa", "{CD319808-25BE-B811-D2D1-E3DFDD321A50}"
EndProject
Project("{FAE04EC0-301F-11D3-BF4B-00C04F79EFBC}") = "primer-programa", "1 - primer-programa\primer-programa.csproj", "{751240EA-B9EA-45A3-9777-575E2CE08189}"
EndProject
Project("{2150E333-8FDC-42A3-9474-1A3956D46DE8}") = "2 - Primer Programa", "2 - Primer Programa", "{99E66B86-7F18-FC44-FE9A-25B6E9681689}"
EndProject
Project("{FAE04EC0-301F-11D3-BF4B-00C04F79EFBC}") = "calculadora", "2 - Primer Programa\calculadora\calculadora.csproj", "{CD536FEA-A9D4-4ABB-B616-80296C7FA446}"
EndProject
Project("{FAE04EC0-301F-11D3-BF4B-00C04F79EFBC}") = "CalculadoraViaje", "2 - Primer Programa\CalculadoraViaje\CalculadoraViaje.csproj", "{CD693B81-A268-4A24-88DB-602AFB85C2CD}"
EndProject
Project("{FAE04EC0-301F-11D3-BF4B-00C04F79EFBC}") = "calcularCubo", "2 - Primer Programa\calcularCubo\calcularCubo.csproj", "{C6D42894-416E-4E8C-B481-1F839A1D502B}"
EndProject
Project("{FAE04EC0-301F-11D3-BF4B-00C04F79EFBC}") = "CalculoPromedio", "2 - Primer Programa\CalculoPromedio\CalculoPromedio.csproj", "{E1C81444-F6D4-470D-BE69-3E096E05FCD3}"
EndProject
Project("{FAE04EC0-301F-11D3-BF4B-00C04F79EFBC}") = "CalculoSueldo", "2 - Primer Programa\CalculoSueldo\CalculoSueldo.csproj", "{6F0E7716-9A24-4ACB-9ED9-A5C23E190ED6}"
EndProject
Project("{2150E333-8FDC-42A3-9474-1A3956D46DE8}") = "3 - Condicionales", "3 - Condicionales", "{E585E031-A6C9-011F-7440-30921F98C71A}"
EndProject
Project("{FAE04EC0-301F-11D3-BF4B-00C04F79EFBC}") = "U3_ejercicio1", "3 - Condicionales\U3_ejercicio1\U3_ejercicio1.csproj", "{96160F5D-DA90-4CB9-9871-F47D52F49B31}"
EndProject
Project("{FAE04EC0-301F-11D3-BF4B-00C04F79EFBC}") = "U3_ejercicio3", "3 - Condicionales\U3_ejercicio3\U3_ejercicio3.csproj", "{B786C070-1A01-4589-9840-01D4B1F06965}"
EndProject
Project("{FAE04EC0-301F-11D3-BF4B-00C04F79EFBC}") = "U3_ejercicio4", "3 - Condicionales\U3_ejercicio4\U3_ejercicio4.csproj", "{F4A01F29-75DD-4B95-8669-AE2ADD888D73}"
EndProject
Project("{FAE04EC0-301F-11D3-BF4B-00C04F79EFBC}") = "U3_ejercicio5", "3 - Condicionales\U3_ejercicio5\U3_ejercicio5.csproj", "{B6158054-2527-484E-B985-483D6A3B1955}"
EndProject
Project("{FAE04EC0-301F-11D3-BF4B-00C04F79EFBC}") = "U3_ejericio2", "3 - Condicionales\U3_ejericio2\U3_ejericio2.csproj", "{624B9FB3-C7F2-495E-9257-A4875D5BC312}"
EndProject
Project("{2150E333-8FDC-42A3-9474-1A3956D46DE8}") = "4 - Condicionales ++", "4 - Condicionales ++", "{BC2D9D70-ACDB-D252-A88A-7F354ECCC1F2}"
EndProject
Project("{FAE04EC0-301F-11D3-BF4B-00C04F79EFBC}") = "U4_ejercicio1", "4 - Condicionales ++\U4_ejercicio1\U4_ejercicio1.csproj", "{D05F16FC-20E2-4272-9377-A47C1610E7B3}"
EndProject
Project("{FAE04EC0-301F-11D3-BF4B-00C04F79EFBC}") = "U4_ejercicio2", "4 - Condicionales ++\U4_ejercicio2\U4_ejercicio2.csproj", "{2E68C21E-7B1B-4A5B-B146-4288C396E03C}"
EndProject
Project("{FAE04EC0-301F-11D3-BF4B-00C04F79EFBC}") = "U4_ejercicio3", "4 - Condicionales ++\U4_ejercicio3\U4_ejercicio3.csproj", "{8F39008D-243D-42A5-8C92-14AB12386CBF}"
EndProject
Project("{FAE04EC0-301F-11D3-BF4B-00C04F79EFBC}") = "U4_ejercicio4", "4 - Condicionales ++\U4_ejercicio4\U4_ejercicio4.csproj", "{343BA7CF-BAEC-4039-80EF-50147B549C47}"
EndProject
Project("{FAE04EC0-301F-11D3-BF4B-00C04F79EFBC}") = "U4_ejercicio5", "4 - Condicionales ++\U4_ejercicio5\U4_ejercicio5.csproj", "{412CE37D-00BC-4624-B800-23FEB9F27007}"
EndProject
Project("{2150E333-8FDC-42A3-9474-1A3956D46DE8}") = "5 - Ciclos", "5 - Ciclos", "{BAB9F867-6154-B0F9-E3BF-E4D0B7B9B4B6}"
EndProject
Project("{FAE04EC0-301F-11D3-BF4B-00C04F79EFBC}") = "5_ej1", "5 - Ciclos\5_ej1\5_ej1.csproj", "{E764EB1E-6BC0-4227-865E-0873C51FD16E}"
EndProject
Project("{FAE04EC0-301F-11D3-BF4B-00C04F79EFBC}") = "5_ej2", "5 - Ciclos\5_ej2\5_ej2.csproj", "{D6914889-FDC1-43BF-A6D1-6DE8AA3D3D2E}"
EndProject
Project("{FAE04EC0-301F-11D3-BF4B-00C04F79EFBC}") = "5_ej3", "5 - Ciclos\5_ej3\5_ej3.csproj", "{219920C5-C787-499D-A99C-EA43B629D63F}"
EndProject
Project("{FAE04EC0-301F-11D3-BF4B-00C04F79EFBC}") = "5_ej4", "5 - Ciclos\5_ej4\5_ej4.csproj", "{70E7AE89-5D28-4597-96F4-6987EC4524DE}"
EndProject
Project("{FAE04EC0-301F-11D3-BF4B-00C04F79EFBC}") = "5_ej5", "5 - Ciclos\5_ej5\5_ej5.csproj", "{6C218CCE-2D9D-4EE2-95CD-88833029DE89}"
EndProject
Project("{2150E333-8FDC-42A3-9474-1A3956D46DE8}") = "6 - Ciclos Conbinados", "6 - Ciclos Conbinados", "{62359D46-7BC3-E4E4-039C-9752F24B0471}"
EndProject
Project("{FAE04EC0-301F-11D3-BF4B-00C04F79EFBC}") = "Punto_1", "6 - Ciclos Conbinados\Punto_1\Punto_1.csproj", "{E4255D70-B886-4589-9C66-AEE781DC658B}"
EndProject
Project("{FAE04EC0-301F-11D3-BF4B-00C04F79EFBC}") = "Punto_2", "6 - Ciclos Conbinados\Punto_2\Punto_2.csproj", "{6FED7B4F-3446-4F77-9CD4-1FE2897DDF03}"
EndProject
Project("{FAE04EC0-301F-11D3-BF4B-00C04F79EFBC}") = "Punto_3", "6 - Ciclos Conbinados\Punto_3\Punto_3.csproj", "{BCCF523A-FFD3-4747-AC84-634935A49473}"
EndProject
Project("{FAE04EC0-301F-11D3-BF4B-00C04F79EFBC}") = "Punto_4", "6 - Ciclos Conbinados\Punto_4\Punto_4.csproj", "{1DC9F9C4-C743-494F-A4C8-12BB2309810A}"
EndProject
Project("{FAE04EC0-301F-11D3-BF4B-00C04F79EFBC}") = "Punto_5", "6 - Ciclos Conbinados\Punto_5\Punto_5.csproj", "{FD962AC3-A600-40FD-B00C-F03F1F42DCB6}"
EndProject
Project("{2150E333-8FDC-42A3-9474-1A3956D46DE8}") = "7 - Vectores", "7 - Vectores", "{6256F7BD-2E35-13FE-B721-96DE26BB403B}"
EndProject
Project("{FAE04EC0-301F-11D3-BF4B-00C04F79EFBC}") = "U7-Vectores", "7 - Vectores\U7-Vectores\U7-Vectores.csproj", "{04812BB4-5685-4578-B2E2-128D1F4CC7B0}"
EndProject
Project("{FAE04EC0-301F-11D3-BF4B-00C04F79EFBC}") = "U7_Ejercicios", "7 - Vectores\U7_Ejercicios\U7_Ejercicios.csproj", "{89FCB2D2-159E-4D59-86B1-B53CB6C07026}"
EndProject
Project("{2150E333-8FDC-42A3-9474-1A3956D46DE8}") = "8 - Funciones", "8 - Funciones", "{741C33B0-D9E4-6EFB-1877-F049E4574D28}"
EndProject
Project("{FAE04EC0-301F-11D3-BF4B-00C04F79EFBC}") = "U8-Ejercicios", "8 - Funciones\U8-Ejercicios.csproj", "{70E77DD5-77E4-46AF-8962-B07E804632B3}"
EndProject
Project("{2150E333-8FDC-42A3-9474-1A3956D46DE8}") = "CorteControl", "CorteControl", "{E07D0448-B937-08DD-B3A1-262D6B214280}"
EndProject
Project("{FAE04EC0-301F-11D3-BF4B-00C04F79EFBC}") = "CorteControl", "CorteControl\CorteControl\CorteControl.csproj", "{1B88240B-7B90-4FD8-8DF8-33A7978FC693}"
EndProject
Global
	GlobalSection(SolutionConfigurationPlatforms) = preSolution
		Debug|Any CPU = Debug|Any CPU
		Debug|x64 = Debug|x64
		Debug|x86 = Debug|x86
		Release|Any CPU = Release|Any CPU
		Release|x64 = Release|x64
		Release|x86 = Release|x86
	EndGlobalSection
	GlobalSection(ProjectConfigurationPlatforms) = postSolution
		{751240EA-B9EA-45A3-9777-575E2CE08189}.Debug|Any CPU.ActiveCfg = Debug|Any CPU
		{751240EA-B9EA-45A3-9777-575E2CE08189}.Debug|Any CPU.Build.0 = Debug|Any CPU
		{751240EA-B9EA-45A3-9777-575E2CE08189}.Debug|x64.ActiveCfg = Debug|Any CPU
		{751240EA-B9EA-45A3-9777-575E2CE08189}.Debug|x64.Build.0 = Debug|Any CPU
		{751240EA-B9EA-45A3-9777-575E2CE08189}.Debug|x86.ActiveCfg = Debug|Any CPU
		{751240EA-B9EA-45A3-9777-575E2CE08189}.Debug|x86.Build.0 = Debug|Any CPU
		{751240EA-B9EA-45A3-9777-575E2CE08189}.Release|Any CPU.ActiveCfg = Release|Any CPU
		{751240EA-B9EA-45A3-9777-575E2CE08189}.Release|Any CPU.Build.0 = Release|Any CPU
		{751240EA-B9EA-45A3-9777-575E2CE08189}.Release|x64.ActiveCfg = Release|Any CPU
		{751240EA-B9EA-45A3-9777-575E2CE08189}.Release|x64.Build.0 = Release|Any CPU
		{751240EA-B9EA-45A3-9777-575E2CE08189}.Release|x86.ActiveCfg = Release|Any CPU
		{751240EA-B9EA-45A3-9777-575E2CE08189}.Release|x86.Build.0 = Release|Any CPU
		{CD536FEA-A9D4-4ABB-B616-80296C7FA446}.Debug|Any CPU.ActiveCfg = Debug|Any CPU
		{CD536FEA-A9D4-4ABB-B616-80296C7FA446}.Debug|Any CPU.Build.0 = Debug|Any CPU
		{CD536FEA-A9D4-4ABB-B616-80296C7FA446}.Debug|x64.ActiveCfg = Debug|Any CPU
		{CD536FEA-A9D4-4ABB-B616-80296C7FA446}.Debug|x64.Build.0 = Debug|Any CPU
		{CD536FEA-A9D4-4ABB-B616-80296C7FA446}.Debug|x86.ActiveCfg = Debug|Any CPU
		{CD536FEA-A9D4-4ABB-B616-80296C7FA446}.Debug|x86.Build.0 = Debug|Any CPU
		{CD536FEA-A9D4-4ABB-B616-80296C7FA446}.Release|Any CPU.ActiveCfg = Release|Any CPU
		{CD536FEA-A9D4-4ABB-B616-80296C7FA446}.Release|Any CPU.Build.0 = Release|Any CPU
		{CD536FEA-A9D4-4ABB-B616-80296C7FA446}.Release|x64.ActiveCfg = Release|Any CPU
		{CD536FEA-A9D4-4ABB-B616-80296C7FA446}.Release|x64.Build.0 = Release|Any CPU
		{CD536FEA-A9D4-4ABB-B616-80296C7FA446}.Release|x86.ActiveCfg = Release|Any CPU
		{CD536FEA-A9D4-4ABB-B616-80296C7FA446}.Release|x86.Build.0 = Release|Any CPU
		{CD693B81-A268-4A24-88DB-602AFB85C2CD}.Debug|Any CPU.ActiveCfg = Debug|Any CPU
		{CD693B81-A268-4A24-88DB-602AFB85C2CD}.Debug|Any CPU.Build.0 = Debug|Any CPU
		{CD693B81-A268-4A24-88DB-602AFB85C2CD}.Debug|x64.ActiveCfg = Debug|Any CPU
		{CD693B81-A268-4A24-88DB-602AFB85C2CD}.Debug|x64.Build.0 = Debug|Any CPU
		{CD693B81-A268-4A24-88DB-602AFB85C2CD}.Debug|x86.ActiveCfg = Debug|Any CPU
		{CD693B81-A268-4A24-88DB-602AFB85C2CD}.Debug|x86.Build.0 = Debug|Any CPU
		{CD693B81-A268-4A24-88DB-602AFB85C2CD}.Release|Any CPU.ActiveCfg = Release|Any CPU
		{CD693B81-A268-4A24-88DB-602AFB85C2CD}.Release|Any CPU.Build.0 = Release|Any CPU
		{CD693B81-A268-4A24-88DB-602AFB85C2CD}.Release|x64.ActiveCfg = Release|Any CPU
		{CD693B81-A268-4A24-88DB-602AFB85C2CD}.Release|x64.Build.0 = Release|Any CPU
		{CD693B81-A268-4A24-88DB-602AFB85C2CD}.Release|x86.ActiveCfg = Release|Any CPU
		{CD693B81-A268-4A24-88DB-602AFB85C2CD}.Release|x86.Build.0 = Release|Any CPU
		{C6D42894-416E-4E8C-B481-1F839A1D502B}.Debug|Any CPU.ActiveCfg = Debug|Any CPU
		{C6D42894-416E-4E8C-B481-1F839A1D502B}.Debug|Any CPU.Build.0 = Debug|Any CPU
		{C6D42894-416E-4E8C-B481-1F839A1D502B}.Debug|x64.ActiveCfg = Debug|Any CPU
		{C6D42894-416E-4E8C-B481-1F839A1D502B}.Debug|x64.Build.0 = Debug|Any CPU
		{C6D42894-416E-4E8C-B481-1F839A1D502B}.Debug|x86.ActiveCfg = Debug|Any CPU
		{C6D42894-416E-4E8C-B481-1F839A1D502B}.Debug|x86.Build.0 = Debug|Any CPU
		{C6D42894-416E-4E8C-B481-1F839A1D502B}.Release|Any CPU.ActiveCfg = Release|Any CPU
		{C6D42894-416E-4E8C-B481-1F839A1D502B}.Release|Any CPU.Build.0 = Release|Any CPU
		{C6D42894-416E-4E8C-B481-1F839A1D502B}.Release|x64.ActiveCfg = Release|Any CPU
		{C6D42894-416E-4E8C-B481-1F839A1D502B}.Release|x64.Build.0 = Release|Any CPU
		{C6D42894-416E-4E8C-B481-1F839A1D502B}.Release|x86.ActiveCfg = Release|Any CPU
		{C6D42894-416E-4E8C-B481-1F839A1D502B}.Release|x86.Build.0 = Release|Any CPU
		{E1C81444-F6D4-470D-BE69-3E096E05FCD3}.Debug|Any CPU.ActiveCfg = Debug|Any CPU
		{E1C81444-F6D4-470D-BE69-3E096E05FCD3}.Debug|Any CPU.Build.0 = Debug|Any CPU
		{E1C81444-F6D4-470D-BE69-3E096E05FCD3}.Debug|x64.ActiveCfg = Debug|Any CPU
		{E1C81444-F6D4-470D-BE69-3E096E05FCD3}.Debug|x64.Build.0 = Debug|Any CPU
		{E1C81444-F6D4-470D-BE69-3E096E05FCD3}.Debug|x86.ActiveCfg = Debug|Any CPU
		{E1C81444-F6D4-470D-BE69-3E096E05FCD3}.Debug|x86.Build.0 = Debug|Any CPU
		{E1C81444-F6D4-470D-BE69-3E096E05FCD3}.Release|Any CPU.ActiveCfg = Release|Any CPU
		{E1C81444-F6D4-470D-BE69-3E096E05FCD3}.Release|Any CPU.Build.0 = Release|Any CPU
		{E1C81444-F6D4-470D-BE69-3E096E05FCD3}.Release|x64.ActiveCfg = Release|Any CPU
		{E1C81444-F6D4-470D-BE69-3E096E05FCD3}.Release|x64.Build.0 = Release|Any CPU
		{E1C81444-F6D4-470D-BE69-3E096E05FCD3}.Release|x86.ActiveCfg = Release|Any CPU
		{E1C81444-F6D4-470D-BE69-3E096E05FCD3}.Release|x86.Build.0 = Release|Any CPU
		{6F0E7716-9A24-4ACB-9ED9-A5C23E190ED6}.Debug|Any CPU.ActiveCfg = Debug|Any CPU
		{6F0E7716-9A24-4ACB-9ED9-A5C23E190ED6}.Debug|Any CPU.Build.0 = Debug|Any CPU
		{6F0E7716-9A24-4ACB-9ED9-A5C23E190ED6}.Debug|x64.ActiveCfg = Debug|Any CPU
		{6F0E7716-9A24-4ACB-9ED9-A5C23E190ED6}.Debug|x64.Build.0 = Debug|Any CPU
		{6F0E7716-9A24-4ACB-9ED9-A5C23E190ED6}.Debug|x86.ActiveCfg = Debug|Any CPU
		{6F0E7716-9A24-4ACB-9ED9-A5C23E190ED6}.Debug|x86.Build.0 = Debug|Any CPU
		{6F0E7716-9A24-4ACB-9ED9-A5C23E190ED6}.Release|Any CPU.ActiveCfg = Release|Any CPU
		{6F0E7716-9A24-4ACB-9ED9-A5C23E190ED6}.Release|Any CPU.Build.0 = Release|Any CPU
		{6F0E7716-9A24-4ACB-9ED9-A5C23E190ED6}.Release|x64.ActiveCfg = Release|Any CPU
		{6F0E7716-9A24-4ACB-9ED9-A5C23E190ED6}.Release|x64.Build.0 = Release|Any CPU
		{6F0E7716-9A24-4ACB-9ED9-A5C23E190ED6}.Release|x86.ActiveCfg = Release|Any CPU
		{6F0E7716-9A24-4ACB-9ED9-A5C23E190ED6}.Release|x86.Build.0 = Release|Any CPU
		{96160F5D-DA90-4CB9-9871-F47D52F49B31}.Debug|Any CPU.ActiveCfg = Debug|Any CPU
		{96160F5D-DA90-4CB9-9871-F47D52F49B31}.Debug|Any CPU.Build.0 = Debug|Any CPU
		{96160F5D-DA90-4CB9-9871-F47D52F49B31}.Debug|x64.ActiveCfg = Debug|Any CPU
		{96160F5D-DA90-4CB9-9871-F47D52F49B31}.Debug|x64.Build.0 = Debug|Any CPU
		{96160F5D-DA90-4CB9-9871-F47D52F49B31}.Debug|x86.ActiveCfg = Debug|Any CPU
		{96160F5D-DA90-4CB9-9871-F47D52F49B31}.Debug|x86.Build.0 = Debug|Any CPU
		{96160F5D-DA90-4CB9-9871-F47D52F49B31}.Release|Any CPU.ActiveCfg = Release|Any CPU
		{96160F5D-DA90-4CB9-9871-F47D52F49B31}.Release|Any CPU.Build.0 = Release|Any CPU
		{96160F5D-DA90-4CB9-9871-F47D52F49B31}.Release|x64.ActiveCfg = Release|Any CPU
		{96160F5D-DA90-4CB9-9871-F47D52F49B31}.Release|x64.Build.0 = Release|Any CPU
		{96160F5D-DA90-4CB9-9871-F47D52F49B31}.Release|x86.ActiveCfg = Release|Any CPU
		{96160F5D-DA90-4CB9-9871-F47D52F49B31}.Release|x86.Build.0 = Release|Any CPU
		{B786C070-1A01-4589-9840-01D4B1F06965}.Debug|Any CPU.ActiveCfg = Debug|Any CPU
		{B786C070-1A01-4589-9840-01D4B1F06965}.Debug|Any CPU.Build.0 = Debug|Any CPU
		{B786C070-1A01-4589-9840-01D4B1F06965}.Debug|x64.ActiveCfg = Debug|Any CPU
		{B786C070-1A01-4589-9840-01D4B1F06965}.Debug|x64.Build.0 = Debug|Any CPU
		{B786C070-1A01-4589-9840-01D4B1F06965}.Debug|x86.ActiveCfg = Debug|Any CPU
		{B786C070-1A01-4589-9840-01D4B1F06965}.Debug|x86.Build.0 = Debug|Any CPU
		{B786C070-1A01-4589-9840-01D4B1F06965}.Release|Any CPU.ActiveCfg = Release|Any CPU
		{B786C070-1A01-4589-9840-01D4B1F06965}.Release|Any CPU.Build.0 = Release|Any CPU
		{B786C070-1A01-4589-9840-01D4B1F06965}.Release|x64.ActiveCfg = Release|Any CPU
		{B786C070-1A01-4589-9840-01D4B1F06965}.Release|x64.Build.0 = Release|Any CPU
		{B786C070-1A01-4589-9840-01D4B1F06965}.Release|x86.ActiveCfg = Release|Any CPU
		{B786C070-1A01-4589-9840-01D4B1F06965}.Release|x86.Build.0 = Release|Any CPU
		{F4A01F29-75DD-4B95-8669-AE2ADD888D73}.Debug|Any CPU.ActiveCfg = Debug|Any CPU
		{F4A01F29-75DD-4B95-8669-AE2ADD888D73}.Debug|Any CPU.Build.0 = Debug|Any CPU
		{F4A01F29-75DD-4B95-8669-AE2ADD888D73}.Debug|x64.ActiveCfg = Debug|Any CPU
		{F4A01F29-75DD-4B95-8669-AE2ADD888D73}.Debug|x64.Build.0 = Debug|Any CPU
		{F4A01F29-75DD-4B95-8669-AE2ADD888D73}.Debug|x86.ActiveCfg = Debug|Any CPU
		{F4A01F29-75DD-4B95-8669-AE2ADD888D73}.Debug|x86.Build.0 = Debug|Any CPU
		{F4A01F29-75DD-4B95-8669-AE2ADD888D73}.Release|Any CPU.ActiveCfg = Release|Any CPU
		{F4A01F29-75DD-4B95-8669-AE2ADD888D73}.Release|Any CPU.Build.0 = Release|Any CPU
		{F4A01F29-75DD-4B95-8669-AE2ADD888D73}.Release|x64.ActiveCfg = Release|Any CPU
		{F4A01F29-75DD-4B95-8669-AE2ADD888D73}.Release|x64.Build.0 = Release|Any CPU
		{F4A01F29-75DD-4B95-8669-AE2ADD888D73}.Release|x86.ActiveCfg = Release|Any CPU
		{F4A01F29-75DD-4B95-8669-AE2ADD888D73}.Release|x86.Build.0 = Release|Any CPU
		{B6158054-2527-484E-B985-483D6A3B1955}.Debug|Any CPU.ActiveCfg = Debug|Any CPU
		{B6158054-2527-484E-B985-483D6A3B1955}.Debug|Any CPU.Build.0 = Debug|Any CPU
		{B6158054-2527-484E-B985-483D6A3B1955}.Debug|x64.ActiveCfg = Debug|Any CPU
		{B6158054-2527-484E-B985-483D6A3B1955}.Debug|x64.Build.0 = Debug|Any CPU
		{B6158054-2527-484E-B985-483D6A3B1955}.Debug|x86.ActiveCfg = Debug|Any CPU
		{B6158054-2527-484E-B985-483D6A3B1955}.Debug|x86.Build.0 = Debug|Any CPU
		{B6158054-2527-484E-B985-483D6A3B1955}.Release|Any CPU.ActiveCfg = Release|Any CPU
		{B6158054-2527-484E-B985-483D6A3B1955}.Release|Any CPU.Build.0 = Release|Any CPU
		{B6158054-2527-484E-B985-483D6A3B1955}.Release|x64.ActiveCfg = Release|Any CPU
		{B6158054-2527-484E-B985-483D6A3B1955}.Release|x64.Build.0 = Release|Any CPU
		{B6158054-2527-484E-B985-483D6A3B1955}.Release|x86.ActiveCfg = Release|Any CPU
		{B6158054-2527-484E-B985-483D6A3B1955}.Release|x86.Build.0 = Release|Any CPU
		{624B9FB3-C7F2-495E-9257-A4875D5BC312}.Debug|Any CPU.ActiveCfg = Debug|Any CPU
		{624B9FB3-C7F2-495E-9257-A4875D5BC312}.Debug|Any CPU.Build.0 = Debug|Any CPU
		{624B9FB3-C7F2-495E-9257-A4875D5BC312}.Debug|x64.ActiveCfg = Debug|Any CPU
		{624B9FB3-C7F2-495E-9257-A4875D5BC312}.Debug|x64.Build.0 = Debug|Any CPU
		{624B9FB3-C7F2-495E-9257-A4875D5BC312}.Debug|x86.ActiveCfg = Debug|Any CPU
		{624B9FB3-C7F2-495E-9257-A4875D5BC312}.Debug|x86.Build.0 = Debug|Any CPU
		{624B9FB3-C7F2-495E-9257-A4875D5BC312}.Release|Any CPU.ActiveCfg = Release|Any CPU
		{624B9FB3-C7F2-495E-9257-A4875D5BC312}.Release|Any CPU.Build.0 = Release|Any CPU
		{624B9FB3-C7F2-495E-9257-A4875D5BC312}.Release|x64.ActiveCfg = Release|Any CPU
		{624B9FB3-C7F2-495E-9257-A4875D5BC312}.Release|x64.Build.0 = Release|Any CPU
		{624B9FB3-C7F2-495E-9257-A4875D5BC312}.Release|x86.ActiveCfg = Release|Any CPU
		{624B9FB3-C7F2-495E-9257-A4875D5BC312}.Release|x86.Build.0 = Release|Any CPU
		{D05F16FC-20E2-4272-9377-A47C1610E7B3}.Debug|Any CPU.ActiveCfg = Debug|Any CPU
		{D05F16FC-20E2-4272-9377-A47C1610E7B3}.Debug|Any CPU.Build.0 = Debug|Any CPU
		{D05F16FC-20E2-4272-9377-A47C1610E7B3}.Debug|x64.ActiveCfg = Debug|Any CPU
		{D05F16FC-20E2-4272-9377-A47C1610E7B3}.Debug|x64.Build.0 = Debug|Any CPU
		{D05F16FC-20E2-4272-9377-A47C1610E7B3}.Debug|x86.ActiveCfg = Debug|Any CPU
		{D05F16FC-20E2-4272-9377-A47C1610E7B3}.Debug|x86.Build.0 = Debug|Any CPU
		{D05F16FC-20E2-4272-9377-A47C1610E7B3}.Release|Any CPU.ActiveCfg = Release|Any CPU
		{D05F16FC-20E2-4272-9377-A47C1610E7B3}.Release|Any CPU.Build.0 = Release|Any CPU
		{D05F16FC-20E2-4272-9377-A47C1610E7B3}.Release|x64.ActiveCfg = Release|Any CPU
		{D05F16FC-20E2-4272-9377-A47C1610E7B3}.Release|x64.Build.0 = Release|Any CPU
		{D05F16FC-20E2-4272-9377-A47C1610E7B3}.Release|x86.ActiveCfg = Release|Any CPU
		{D05F16FC-20E2-4272-9377-A47C1610E7B3}.Release|x86.Build.0 = Release|Any CPU
		{2E68C21E-7B1B-4A5B-B146-4288C396E03C}.Debug|Any CPU.ActiveCfg = Debug|Any CPU
		{2E68C21E-7B1B-4A5B-B146-4288C396E03C}.Debug|Any CPU.Build.0 = Debug|Any CPU
		{2E68C21E-7B1B-4A5B-B146-4288C396E03C}.Debug|x64.ActiveCfg = Debug|Any CPU
		{2E68C21E-7B1B-4A5B-B146-4288C396E03C}.Debug|x64.Build.0 = Debug|Any CPU
		{2E68C21E-7B1B-4A5B-B146-4288C396E03C}.Debug|x86.ActiveCfg = Debug|Any CPU
		{2E68C21E-7B1B-4A5B-B146-4288C396E03C}.Debug|x86.Build.0 = Debug|Any CPU
		{2E68C21E-7B1B-4A5B-B146-4288C396E03C}.Release|Any CPU.ActiveCfg = Release|Any CPU
		{2E68C21E-7B1B-4A5B-B146-4288C396E03C}.Release|Any CPU.Build.0 = Release|Any CPU
		{2E68C21E-7B1B-4A5B-B146-4288C396E03C}.Release|x64.ActiveCfg = Release|Any CPU
		{2E68C21E-7B1B-4A5B-B146-4288C396E03C}.Release|x64.Build.0 = Release|Any CPU
		{2E68C21E-7B1B-4A5B-B146-4288C396E03C}.Release|x86.ActiveCfg = Release|Any CPU
		{2E68C21E-7B1B-4A5B-B146-4288C396E03C}.Release|x86.Build.0 = Release|Any CPU
		{8F39008D-243D-42A5-8C92-14AB12386CBF}.Debug|Any CPU.ActiveCfg = Debug|Any CPU
		{8F39008D-243D-42A5-8C92-14AB12386CBF}.Debug|Any CPU.Build.0 = Debug|Any CPU
		{8F39008D-243D-42A5-8C92-14AB12386CBF}.Debug|x64.ActiveCfg = Debug|Any CPU
		{8F39008D-243D-42A5-8C92-14AB12386CBF}.Debug|x64.Build.0 = Debug|Any CPU
		{8F39008D-243D-42A5-8C92-14AB12386CBF}.Debug|x86.ActiveCfg = Debug|Any CPU
		{8F39008D-243D-42A5-8C92-14AB12386CBF}.Debug|x86.Build.0 = Debug|Any CPU
		{8F39008D-243D-42A5-8C92-14AB12386CBF}.Release|Any CPU.ActiveCfg = Release|Any CPU
		{8F39008D-243D-42A5-8C92-14AB12386CBF}.Release|Any CPU.Build.0 = Release|Any CPU
		{8F39008D-243D-42A5-8C92-14AB12386CBF}.Release|x64.ActiveCfg = Release|Any CPU
		{8F39008D-243D-42A5-8C92-14AB12386CBF}.Release|x64.Build.0 = Release|Any CPU
		{8F39008D-243D-42A5-8C92-14AB12386CBF}.Release|x86.ActiveCfg = Release|Any CPU
		{8F39008D-243D-42A5-8C92-14AB12386CBF}.Release|x86.Build.0 = Release|Any CPU
		{343BA7CF-BAEC-4039-80EF-50147B549C47}.Debug|Any CPU.ActiveCfg = Debug|Any CPU
		{343BA7CF-BAEC-4039-80EF-50147B549C47}.Debug|Any CPU.Build.0 = Debug|Any CPU
		{343BA7CF-BAEC-4039-80EF-50147B549C47}.Debug|x64.ActiveCfg = Debug|Any CPU
		{343BA7CF-BAEC-4039-80EF-50147B549C47}.Debug|x64.Build.0 = Debug|Any CPU
		{343BA7CF-BAEC-4039-80EF-50147B549C47}.Debug|x86.ActiveCfg = Debug|Any CPU
		{343BA7CF-BAEC-4039-80EF-50147B549C47}.Debug|x86.Build.0 = Debug|Any CPU
		{343BA7CF-BAEC-4039-80EF-50147B549C47}.Release|Any CPU.ActiveCfg = Release|Any CPU
		{343BA7CF-BAEC-4039-80EF-50147B549C47}.Release|Any CPU.Build.0 = Release|Any CPU
		{343BA7CF-BAEC-4039-80EF-50147B549C47}.Release|x64.ActiveCfg = Release|Any CPU
		{343BA7CF-BAEC-4039-80EF-50147B549C47}.Release|x64.Build.0 = Release|Any CPU
		{343BA7CF-BAEC-4039-80EF-50147B549C47}.Release|x86.ActiveCfg = Release|Any CPU
		{343BA7CF-BAEC-4039-80EF-50147B549C47}.Release|x86.Build.0 = Release|Any CPU
		{412CE37D-00BC-4624-B800-23FEB9F27007}.Debug|Any CPU.ActiveCfg = Debug|Any CPU
		{412CE37D-00BC-4624-B800-23FEB9F27007}.Debug|Any CPU.Build.0 = Debug|Any CPU
		{412CE37D-00BC-4624-B800-23FEB9F27007}.Debug|x64.ActiveCfg = Debug|Any CPU
		{412CE37D-00BC-4624-B800-23FEB9F27007}.Debug|x64.Build.0 = Debug|Any CPU
		{412CE37D-00BC-4624-B800-23FEB9F27007}.Debug|x86.ActiveCfg = Debug|Any CPU
		{412CE37D-00BC-4624-B800-23FEB9F27007}.Debug|x86.Build.0 = Debug|Any CPU
		{412CE37D-00BC-4624-B800-23FEB9F27007}.Release|Any CPU.ActiveCfg = Release|Any CPU
		{412CE37D-00BC-4624-B800-23FEB9F27007}.Release|Any CPU.Build.0 = Release|Any CPU
		{412CE37D-00BC-4624-B800-23FEB9F27007}.Release|x64.ActiveCfg = Release|Any CPU
		{412CE37D-00BC-4624-B800-23FEB9F27007}.Release|x64.Build.0 = Release|Any CPU
		{412CE37D-00BC-4624-B800-23FEB9F27007}.Release|x86.ActiveCfg = Release|Any CPU
		{412CE37D-00BC-4624-B800-23FEB9F27007}.Release|x86.Build.0 = Release|Any CPU
		{E764EB1E-6BC0-4227-865E-0873C51FD16E}.Debug|Any CPU.ActiveCfg = Debug|Any CPU
		{E764EB1E-6BC0-4227-865E-0873C51FD16E}.Debug|Any CPU.Build.0 = Debug|Any CPU
		{E764EB1E-6BC0-4227-865E-0873C51FD16E}.Debug|x64.ActiveCfg = Debug|Any CPU
		{E764EB1E-6BC0-4227-865E-0873C51FD16E}.Debug|x64.Build.0 = Debug|Any CPU
		{E764EB1E-6BC0-4227-865E-0873C51FD16E}.Debug|x86.ActiveCfg = Debug|Any CPU
		{E764EB1E-6BC0-4227-865E-0873C51FD16E}.Debug|x86.Build.0 = Debug|Any CPU
		{E764EB1E-6BC0-4227-865E-0873C51FD16E}.Release|Any CPU.ActiveCfg = Release|Any CPU
		{E764EB1E-6BC0-4227-865E-0873C51FD16E}.Release|Any CPU.Build.0 = Release|Any CPU
		{E764EB1E-6BC0-4227-865E-0873C51FD16E}.Release|x64.ActiveCfg = Release|Any CPU
		{E764EB1E-6BC0-4227-865E-0873C51FD16E}.Release|x64.Build.0 = Release|Any CPU
		{E764EB1E-6BC0-4227-865E-0873C51FD16E}.Release|x86.ActiveCfg = Release|Any CPU
		{E764EB1E-6BC0-4227-865E-0873C51FD16E}.Release|x86.Build.0 = Release|Any CPU
		{D6914889-FDC1-43BF-A6D1-6DE8AA3D3D2E}.Debug|Any CPU.ActiveCfg = Debug|Any CPU
		{D6914889-FDC1-43BF-A6D1-6DE8AA3D3D2E}.Debug|Any CPU.Build.0 = Debug|Any CPU
		{D6914889-FDC1-43BF-A6D1-6DE8AA3D3D2E}.Debug|x64.ActiveCfg = Debug|Any CPU
		{D6914889-FDC1-43BF-A6D1-6DE8AA3D3D2E}.Debug|x64.Build.0 = Debug|Any CPU
		{D6914889-FDC1-43BF-A6D1-6DE8AA3D3D2E}.Debug|x86.ActiveCfg = Debug|Any CPU
		{D6914889-FDC1-43BF-A6D1-6DE8AA3D3D2E}.Debug|x86.Build.0 = Debug|Any CPU
		{D6914889-FDC1-43BF-A6D1-6DE8AA3D3D2E}.Release|Any CPU.ActiveCfg = Release|Any CPU
		{D6914889-FDC1-43BF-A6D1-6DE8AA3D3D2E}.Release|Any CPU.Build.0 = Release|Any CPU
		{D6914889-FDC1-43BF-A6D1-6DE8AA3D3D2E}.Release|x64.ActiveCfg = Release|Any CPU
		{D6914889-FDC1-43BF-A6D1-6DE8AA3D3D2E}.Release|x64.Build.0 = Release|Any CPU
		{D6914889-FDC1-43BF-A6D1-6DE8AA3D3D2E}.Release|x86.ActiveCfg = Release|Any CPU
		{D6914889-FDC1-43BF-A6D1-6DE8AA3D3D2E}.Release|x86.Build.0 = Release|Any CPU
		{219920C5-C787-499D-A99C-EA43B629D63F}.Debug|Any CPU.ActiveCfg = Debug|Any CPU
		{219920C5-C787-499D-A99C-EA43B629D63F}.Debug|Any CPU.Build.0 = Debug|Any CPU
		{219920C5-C787-499D-A99C-EA43B629D63F}.Debug|x64.ActiveCfg = Debug|Any CPU
		{219920C5-C787-499D-A99C-EA43B629D63F}.Debug|x64.Build.0 = Debug|Any CPU
		{219920C5-C787-499D-A99C-EA43B629D63F}.Debug|x86.ActiveCfg = Debug|Any CPU
		{219920C5-C787-499D-A99C-EA43B629D63F}.Debug|x86.Build.0 = Debug|Any CPU
		{219920C5-C787-499D-A99C-EA43B629D63F}.Release|Any CPU.ActiveCfg = Release|Any CPU
		{219920C5-C787-499D-A99C-EA43B629D63F}.Release|Any CPU.Build.0 = Release|Any CPU
		{219920C5-C787-499D-A99C-EA43B629D63F}.Release|x64.ActiveCfg = Release|Any CPU
		{219920C5-C787-499D-A99C-EA43B629D63F}.Release|x64.Build.0 = Release|Any CPU
		{219920C5-C787-499D-A99C-EA43B629D63F}.Release|x86.ActiveCfg = Release|Any CPU
		{219920C5-C787-499D-A99C-EA43B629D63F}.Release|x86.Build.0 = Release|Any CPU
		{70E7AE89-5D28-4597-96F4-6987EC4524DE}.Debug|Any CPU.ActiveCfg = Debug|Any CPU
		{70E7AE89-5D28-4597-96F4-6987EC4524DE}.Debug|Any CPU.Build.0 = Debug|Any CPU
		{70E7AE89-5D28-4597-96F4-6987EC4524DE}.Debug|x64.ActiveCfg = Debug|Any CPU
		{70E7AE89-5D28-4597-96F4-6987EC4524DE}.Debug|x64.Build.0 = Debug|Any CPU
		{70E7AE89-5D28-4597-96F4-6987EC4524DE}.Debug|x86.ActiveCfg = Debug|Any CPU
		{70E7AE89-5D28-4597-96F4-6987EC4524DE}.Debug|x86.Build.0 = Debug|Any CPU
		{70E7AE89-5D28-4597-96F4-6987EC4524DE}.Release|Any CPU.ActiveCfg = Release|Any CPU
		{70E7AE89-5D28-4597-96F4-6987EC4524DE}.Release|Any CPU.Build.0 = Release|Any CPU
		{70E7AE89-5D28-4597-96F4-6987EC4524DE}.Release|x64.ActiveCfg = Release|Any CPU
		{70E7AE89-5D28-4597-96F4-6987EC4524DE}.Release|x64.Build.0 = Release|Any CPU
		{70E7AE89-5D28-4597-96F4-6987EC4524DE}.Release|x86.ActiveCfg = Release|Any CPU
		{70E7AE89-5D28-4597-96F4-6987EC4524DE}.Release|x86.Build.0 = Release|Any CPU
		{6C218CCE-2D9D-4EE2-95CD-88833029DE89}.Debug|Any CPU.ActiveCfg = Debug|Any CPU
		{6C218CCE-2D9D-4EE2-95CD-88833029DE89}.Debug|Any CPU.Build.0 = Debug|Any CPU
		{6C218CCE-2D9D-4EE2-95CD-88833029DE89}.Debug|x64.ActiveCfg = Debug|Any CPU
		{6C218CCE-2D9D-4EE2-95CD-88833029DE89}.Debug|x64.Build.0 = Debug|Any CPU
		{6C218CCE-2D9D-4EE2-95CD-88833029DE89}.Debug|x86.ActiveCfg = Debug|Any CPU
		{6C218CCE-2D9D-4EE2-95CD-88833029DE89}.Debug|x86.Build.0 = Debug|Any CPU
		{6C218CCE-2D9D-4EE2-95CD-88833029DE89}.Release|Any CPU.ActiveCfg = Release|Any CPU
		{6C218CCE-2D9D-4EE2-95CD-88833029DE89}.Release|Any CPU.Build.0 = Release|Any CPU
		{6C218CCE-2D9D-4EE2-95CD-88833029DE89}.Release|x64.ActiveCfg = Release|Any CPU
		{6C218CCE-2D9D-4EE2-95CD-88833029DE89}.Release|x64.Build.0 = Release|Any CPU
		{6C218CCE-2D9D-4EE2-95CD-88833029DE89}.Release|x86.ActiveCfg = Release|Any CPU
		{6C218CCE-2D9D-4EE2-95CD-88833029DE89}.Release|x86.Build.0 = Release|Any CPU
		{E4255D70-B886-4589-9C66-AEE781DC658B}.Debug|Any CPU.ActiveCfg = Debug|Any CPU
		{E4255D70-B886-4589-9C66-AEE781DC658B}.Debug|Any CPU.Build.0 = Debug|Any CPU
		{E4255D70-B886-4589-9C66-AEE781DC658B}.Debug|x64.ActiveCfg = Debug|Any CPU
		{E4255D70-B886-4589-9C66-AEE781DC658B}.Debug|x64.Build.0 = Debug|Any CPU
		{E4255D70-B886-4589-9C66-AEE781DC658B}.Debug|x86.ActiveCfg = Debug|Any CPU
		{E4255D70-B886-4589-9C66-AEE781DC658B}.Debug|x86.Build.0 = Debug|Any CPU
		{E4255D70-B886-4589-9C66-AEE781DC658B}.Release|Any CPU.ActiveCfg = Release|Any CPU
		{E4255D70-B886-4589-9C66-AEE781DC658B}.Release|Any CPU.Build.0 = Release|Any CPU
		{E4255D70-B886-4589-9C66-AEE781DC658B}.Release|x64.ActiveCfg = Release|Any CPU
		{E4255D70-B886-4589-9C66-AEE781DC658B}.Release|x64.Build.0 = Release|Any CPU
		{E4255D70-B886-4589-9C66-AEE781DC658B}.Release|x86.ActiveCfg = Release|Any CPU
		{E4255D70-B886-4589-9C66-AEE781DC658B}.Release|x86.Build.0 = Release|Any CPU
		{6FED7B4F-3446-4F77-9CD4-1FE2897DDF03}.Debug|Any CPU.ActiveCfg = Debug|Any CPU
		{6FED7B4F-3446-4F77-9CD4-1FE2897DDF03}.Debug|Any CPU.Build.0 = Debug|Any CPU
		{6FED7B4F-3446-4F77-9CD4-1FE2897DDF03}.Debug|x64.ActiveCfg = Debug|Any CPU
		{6FED7B4F-3446-4F77-9CD4-1FE2897DDF03}.Debug|x64.Build.0 = Debug|Any CPU
		{6FED7B4F-3446-4F77-9CD4-1FE2897DDF03}.Debug|x86.ActiveCfg = Debug|Any CPU
		{6FED7B4F-3446-4F77-9CD4-1FE2897DDF03}.Debug|x86.Build.0 = Debug|Any CPU
		{6FED7B4F-3446-4F77-9CD4-1FE2897DDF03}.Release|Any CPU.ActiveCfg = Release|Any CPU
		{6FED7B4F-3446-4F77-9CD4-1FE2897DDF03}.Release|Any CPU.Build.0 = Release|Any CPU
		{6FED7B4F-3446-4F77-9CD4-1FE2897DDF03}.Release|x64.ActiveCfg = Release|Any CPU
		{6FED7B4F-3446-4F77-9CD4-1FE2897DDF03}.Release|x64.Build.0 = Release|Any CPU
		{6FED7B4F-3446-4F77-9CD4-1FE2897DDF03}.Release|x86.ActiveCfg = Release|Any CPU
		{6FED7B4F-3446-4F77-9CD4-1FE2897DDF03}.Release|x86.Build.0 = Release|Any CPU
		{BCCF523A-FFD3-4747-AC84-634935A49473}.Debug|Any CPU.ActiveCfg = Debug|Any CPU
		{BCCF523A-FFD3-4747-AC84-634935A49473}.Debug|Any CPU.Build.0 = Debug|Any CPU
		{BCCF523A-FFD3-4747-AC84-634935A49473}.Debug|x64.ActiveCfg = Debug|Any CPU
		{BCCF523A-FFD3-4747-AC84-634935A49473}.Debug|x64.Build.0 = Debug|Any CPU
		{BCCF523A-FFD3-4747-AC84-634935A49473}.Debug|x86.ActiveCfg = Debug|Any CPU
		{BCCF523A-FFD3-4747-AC84-634935A49473}.Debug|x86.Build.0 = Debug|Any CPU
		{BCCF523A-FFD3-4747-AC84-634935A49473}.Release|Any CPU.ActiveCfg = Release|Any CPU
		{BCCF523A-FFD3-4747-AC84-634935A49473}.Release|Any CPU.Build.0 = Release|Any CPU
		{BCCF523A-FFD3-4747-AC84-634935A49473}.Release|x64.ActiveCfg = Release|Any CPU
		{BCCF523A-FFD3-4747-AC84-634935A49473}.Release|x64.Build.0 = Release|Any CPU
		{BCCF523A-FFD3-4747-AC84-634935A49473}.Release|x86.ActiveCfg = Release|Any CPU
		{BCCF523A-FFD3-4747-AC84-634935A49473}.Release|x86.Build.0 = Release|Any CPU
		{1DC9F9C4-C743-494F-A4C8-12BB2309810A}.Debug|Any CPU.ActiveCfg = Debug|Any CPU
		{1DC9F9C4-C743-494F-A4C8-12BB2309810A}.Debug|Any CPU.Build.0 = Debug|Any CPU
		{1DC9F9C4-C743-494F-A4C8-12BB2309810A}.Debug|x64.ActiveCfg = Debug|Any CPU
		{1DC9F9C4-C743-494F-A4C8-12BB2309810A}.Debug|x64.Build.0 = Debug|Any CPU
		{1DC9F9C4-C743-494F-A4C8-12BB2309810A}.Debug|x86.ActiveCfg = Debug|Any CPU
		{1DC9F9C4-C743-494F-A4C8-12BB2309810A}.Debug|x86.Build.0 = Debug|Any CPU
		{1DC9F9C4-C743-494F-A4C8-12BB2309810A}.Release|Any CPU.ActiveCfg = Release|Any CPU
		{1DC9F9C4-C743-494F-A4C8-12BB2309810A}.Release|Any CPU.Build.0 = Release|Any CPU
		{1DC9F9C4-C743-494F-A4C8-12BB2309810A}.Release|x64.ActiveCfg = Release|Any CPU
		{1DC9F9C4-C743-494F-A4C8-12BB2309810A}.Release|x64.Build.0 = Release|Any CPU
		{1DC9F9C4-C743-494F-A4C8-12BB2309810A}.Release|x86.ActiveCfg = Release|Any CPU
		{1DC9F9C4-C743-494F-A4C8-12BB2309810A}.Release|x86.Build.0 = Release|Any CPU
		{FD962AC3-A600-40FD-B00C-F03F1F42DCB6}.Debug|Any CPU.ActiveCfg = Debug|Any CPU
		{FD962AC3-A600-40FD-B00C-F03F1F42DCB6}.Debug|Any CPU.Build.0 = Debug|Any CPU
		{FD962AC3-A600-40FD-B00C-F03F1F42DCB6}.Debug|x64.ActiveCfg = Debug|Any CPU
		{FD962AC3-A600-40FD-B00C-F03F1F42DCB6}.Debug|x64.Build.0 = Debug|Any CPU
		{FD962AC3-A600-40FD-B00C-F03F1F42DCB6}.Debug|x86.ActiveCfg = Debug|Any CPU
		{FD962AC3-A600-40FD-B00C-F03F1F42DCB6}.Debug|x86.Build.0 = Debug|Any CPU
		{FD962AC3-A600-40FD-B00C-F03F1F42DCB6}.Release|Any CPU.ActiveCfg = Release|Any CPU
		{FD962AC3-A600-40FD-B00C-F03F1F42DCB6}.Release|Any CPU.Build.0 = Release|Any CPU
		{FD962AC3-A600-40FD-B00C-F03F1F42DCB6}.Release|x64.ActiveCfg = Release|Any CPU
		{FD962AC3-A600-40FD-B00C-F03F1F42DCB6}.Release|x64.Build.0 = Release|Any CPU
		{FD962AC3-A600-40FD-B00C-F03F1F42DCB6}.Release|x86.ActiveCfg = Release|Any CPU
		{FD962AC3-A600-40FD-B00C-F03F1F42DCB6}.Release|x86.Build.0 = Release|Any CPU
		{04812BB4-5685-4578-B2E2-128D1F4CC7B0}.Debug|Any CPU.ActiveCfg = Debug|Any CPU
		{04812BB4-5685-4578-B2E2-128D1F4CC7B0}.Debug|Any CPU.Build.0 = Debug|Any CPU
		{04812BB4-5685-4578-B2E2-128D1F4CC7B0}.Debug|x64.ActiveCfg = Debug|Any CPU
		{04812BB4-5685-4578-B2E2-128D1F4CC7B0}.Debug|x64.Build.0 = Debug|Any CPU
		{04812BB4-5685-4578-B2E2-128D1F4CC7B0}.Debug|x86.ActiveCfg = Debug|Any CPU
		{04812BB4-5685-4578-B2E2-128D1F4CC7B0}.Debug|x86.Build.0 = Debug|Any CPU
		{04812BB4-5685-4578-B2E2-128D1F4CC7B0}.Release|Any CPU.ActiveCfg = Release|Any CPU
		{04812BB4-5685-4578-B2E2-128D1F4CC7B0}.Release|Any CPU.Build.0 = Release|Any CPU
		{04812BB4-5685-4578-B2E2-128D1F4CC7B0}.Release|x64.ActiveCfg = Release|Any CPU
		{04812BB4-5685-4578-B2E2-128D1F4CC7B0}.Release|x64.Build.0 = Release|Any CPU
		{04812BB4-5685-4578-B2E2-128D1F4CC7B0}.Release|x86.ActiveCfg = Release|Any CPU
		{04812BB4-5685-4578-B2E2-128D1F4CC7B0}.Release|x86.Build.0 = Release|Any CPU
		{89FCB2D2-159E-4D59-86B1-B53CB6C07026}.Debug|Any CPU.ActiveCfg = Debug|Any CPU
		{89FCB2D2-159E-4D59-86B1-B53CB6C07026}.Debug|Any CPU.Build.0 = Debug|Any CPU
		{89FCB2D2-159E-4D59-86B1-B53CB6C07026}.Debug|x64.ActiveCfg = Debug|Any CPU
		{89FCB2D2-159E-4D59-86B1-B53CB6C07026}.Debug|x64.Build.0 = Debug|Any CPU
		{89FCB2D2-159E-4D59-86B1-B53CB6C07026}.Debug|x86.ActiveCfg = Debug|Any CPU
		{89FCB2D2-159E-4D59-86B1-B53CB6C07026}.Debug|x86.Build.0 = Debug|Any CPU
		{89FCB2D2-159E-4D59-86B1-B53CB6C07026}.Release|Any CPU.ActiveCfg = Release|Any CPU
		{89FCB2D2-159E-4D59-86B1-B53CB6C07026}.Release|Any CPU.Build.0 = Release|Any CPU
		{89FCB2D2-159E-4D59-86B1-B53CB6C07026}.Release|x64.ActiveCfg = Release|Any CPU
		{89FCB2D2-159E-4D59-86B1-B53CB6C07026}.Release|x64.Build.0 = Release|Any CPU
		{89FCB2D2-159E-4D59-86B1-B53CB6C07026}.Release|x86.ActiveCfg = Release|Any CPU
		{89FCB2D2-159E-4D59-86B1-B53CB6C07026}.Release|x86.Build.0 = Release|Any CPU
		{70E77DD5-77E4-46AF-8962-B07E804632B3}.Debug|Any CPU.ActiveCfg = Debug|Any CPU
		{70E77DD5-77E4-46AF-8962-B07E804632B3}.Debug|Any CPU.Build.0 = Debug|Any CPU
		{70E77DD5-77E4-46AF-8962-B07E804632B3}.Debug|x64.ActiveCfg = Debug|Any CPU
		{70E77DD5-77E4-46AF-8962-B07E804632B3}.Debug|x64.Build.0 = Debug|Any CPU
		{70E77DD5-77E4-46AF-8962-B07E804632B3}.Debug|x86.ActiveCfg = Debug|Any CPU
		{70E77DD5-77E4-46AF-8962-B07E804632B3}.Debug|x86.Build.0 = Debug|Any CPU
		{70E77DD5-77E4-46AF-8962-B07E804632B3}.Release|Any CPU.ActiveCfg = Release|Any CPU
		{70E77DD5-77E4-46AF-8962-B07E804632B3}.Release|Any CPU.Build.0 = Release|Any CPU
		{70E77DD5-77E4-46AF-8962-B07E804632B3}.Release|x64.ActiveCfg = Release|Any CPU
		{70E77DD5-77E4-46AF-8962-B07E804632B3}.Release|x64.Build.0 = Release|Any CPU
		{70E77DD5-77E4-46AF-8962-B07E804632B3}.Release|x86.ActiveCfg = Release|Any CPU
		{70E77DD5-77E4-46AF-8962-B07E804632B3}.Release|x86.Build.0 = Release|Any CPU
		{1B88240B-7B90-4FD8-8DF8-33A7978FC693}.Debug|Any CPU.ActiveCfg = Debug|Any CPU
		{1B88240B-7B90-4FD8-8DF8-33A7978FC693}.Debug|Any CPU.Build.0 = Debug|Any CPU
		{1B88240B-7B90-4FD8-8DF8-33A7978FC693}.Debug|x64.ActiveCfg = Debug|Any CPU
		{1B88240B-7B90-4FD8-8DF8-33A7978FC693}.Debug|x64.Build.0 = Debug|Any CPU
		{1B88240B-7B90-4FD8-8DF8-33A7978FC693}.Debug|x86.ActiveCfg = Debug|Any CPU
		{1B88240B-7B90-4FD8-8DF8-33A7978FC693}.Debug|x86.Build.0 = Debug|Any CPU
		{1B88240B-7B90-4FD8-8DF8-33A7978FC693}.Release|Any CPU.ActiveCfg = Release|Any CPU
		{1B88240B-7B90-4FD8-8DF8-33A7978FC693}.Release|Any CPU.Build.0 = Release|Any CPU
		{1B88240B-7B90-4FD8-8DF8-33A7978FC693}.Release|x64.ActiveCfg = Release|Any CPU
		{1B88240B-7B90-4FD8-8DF8-33A7978FC693}.Release|x64.Build.0 = Release|Any CPU
		{1B88240B-7B90-4FD8-8DF8-33A7978FC693}.Release|x86.ActiveCfg = Release|Any CPU
		{1B88240B-7B90-4FD8-8DF8-33A7978FC693}.Release|x86.Build.0 = Release|Any CPU
	EndGlobalSection
	GlobalSection(SolutionProperties) = preSolution
		HideSolutionNode = FALSE
	EndGlobalSection
	GlobalSection(NestedProjects) = preSolution
		{751240EA-B9EA-45A3-9777-575E2CE08189} = {CD319808-25BE-B811-D2D1-E3DFDD321A50}
		{CD536FEA-A9D4-4ABB-B616-80296C7FA446} = {99E66B86-7F18-FC44-FE9A-25B6E9681689}
		{CD693B81-A268-4A24-88DB-602AFB85C2CD} = {99E66B86-7F18-FC44-FE9A-25B6E9681689}
		{C6D42894-416E-4E8C-B481-1F839A1D502B} = {99E66B86-7F18-FC44-FE9A-25B6E9681689}
		{E1C81444-F6D4-470D-BE69-3E096E05FCD3} = {99E66B86-7F18-FC44-FE9A-25B6E9681689}
		{6F0E7716-9A24-4ACB-9ED9-A5C23E190ED6} = {99E66B86-7F18-FC44-FE9A-25B6E9681689}
		{96160F5D-DA90-4CB9-9871-F47D52F49B31} = {E585E031-A6C9-011F-7440-30921F98C71A}
		{B786C070-1A01-4589-9840-01D4B1F06965} = {E585E031-A6C9-011F-7440-30921F98C71A}
		{F4A01F29-75DD-4B95-8669-AE2ADD888D73} = {E585E031-A6C9-011F-7440-30921F98C71A}
		{B6158054-2527-484E-B985-483D6A3B1955} = {E585E031-A6C9-011F-7440-30921F98C71A}
		{624B9FB3-C7F2-495E-9257-A4875D5BC312} = {E585E031-A6C9-011F-7440-30921F98C71A}
		{D05F16FC-20E2-4272-9377-A47C1610E7B3} = {BC2D9D70-ACDB-D252-A88A-7F354ECCC1F2}
		{2E68C21E-7B1B-4A5B-B146-4288C396E03C} = {BC2D9D70-ACDB-D252-A88A-7F354ECCC1F2}
		{8F39008D-243D-42A5-8C92-14AB12386CBF} = {BC2D9D70-ACDB-D252-A88A-7F354ECCC1F2}
		{343BA7CF-BAEC-4039-80EF-50147B549C47} = {BC2D9D70-ACDB-D252-A88A-7F354ECCC1F2}
		{412CE37D-00BC-4624-B800-23FEB9F27007} = {BC2D9D70-ACDB-D252-A88A-7F354ECCC1F2}
		{E764EB1E-6BC0-4227-865E-0873C51FD16E} = {BAB9F867-6154-B0F9-E3BF-E4D0B7B9B4B6}
		{D6914889-FDC1-43BF-A6D1-6DE8AA3D3D2E} = {BAB9F867-6154-B0F9-E3BF-E4D0B7B9B4B6}
		{219920C5-C787-499D-A99C-EA43B629D63F} = {BAB9F867-6154-B0F9-E3BF-E4D0B7B9B4B6}
		{70E7AE89-5D28-4597-96F4-6987EC4524DE} = {BAB9F867-6154-B0F9-E3BF-E4D0B7B9B4B6}
		{6C218CCE-2D9D-4EE2-95CD-88833029DE89} = {BAB9F867-6154-B0F9-E3BF-E4D0B7B9B4B6}
		{E4255D70-B886-4589-9C66-AEE781DC658B} = {62359D46-7BC3-E4E4-039C-9752F24B0471}
		{6FED7B4F-3446-4F77-9CD4-1FE2897DDF03} = {62359D46-7BC3-E4E4-039C-9752F24B0471}
		{BCCF523A-FFD3-4747-AC84-634935A49473} = {62359D46-7BC3-E4E4-039C-9752F24B0471}
		{1DC9F9C4-C743-494F-A4C8-12BB2309810A} = {62359D46-7BC3-E4E4-039C-9752F24B0471}
		{FD962AC3-A600-40FD-B00C-F03F1F42DCB6} = {62359D46-7BC3-E4E4-039C-9752F24B0471}
		{04812BB4-5685-4578-B2E2-128D1F4CC7B0} = {6256F7BD-2E35-13FE-B721-96DE26BB403B}
		{89FCB2D2-159E-4D59-86B1-B53CB6C07026} = {6256F7BD-2E35-13FE-B721-96DE26BB403B}
		{70E77DD5-77E4-46AF-8962-B07E804632B3} = {741C33B0-D9E4-6EFB-1877-F049E4574D28}
		{1B88240B-7B90-4FD8-8DF8-33A7978FC693} = {E07D0448-B937-08DD-B3A1-262D6B214280}
	EndGlobalSection
EndGlobal
